
Microsoft Visual Studio Solution File, Format Version 12.00
# Visual Studio Version 16
VisualStudioVersion = 16.0.32602.291
MinimumVisualStudioVersion = 10.0.40219.1
Project("{FAE04EC0-301F-11D3-BF4B-00C04F79EFBC}") = "WindowsProcessMonitor.Domain", "WindowsProcessMonitor.Domain\WindowsProcessMonitor.Domain.csproj", "{512ACC6A-4D3E-416A-B5EA-C8898190388B}"
EndProject
Project("{FAE04EC0-301F-11D3-BF4B-00C04F79EFBC}") = "WindowsProcessMonitor.Application", "WindowsProcessMonitor.Application\WindowsProcessMonitor.Application.csproj", "{2C2CCAB7-17EA-4BCD-A3C3-82949235FD41}"
EndProject
Project("{FAE04EC0-301F-11D3-BF4B-00C04F79EFBC}") = "WindowsProcessMonitor.Infrastructure", "WindowsProcessMonitor.Infrastructure\WindowsProcessMonitor.Infrastructure.csproj", "{8B7B0A79-0A7B-4801-9BBE-AE78DEB4ED0D}"
EndProject
Project("{FAE04EC0-301F-11D3-BF4B-00C04F79EFBC}") = "WindowsProcessMonitor.UI", "WindowsProcessMonitor.UI\WindowsProcessMonitor.UI.csproj", "{1C21736A-51B1-430F-9E56-507937E85480}"
EndProject
Project("{FAE04EC0-301F-11D3-BF4B-00C04F79EFBC}") = "WindowsProcessMonitor.Tests", "WindowsProcessMonitor.Tests\WindowsProcessMonitor.Tests.csproj", "{115E855E-39CD-49D5-BCC7-B794D0B209CD}"
EndProject
Global
	GlobalSection(SolutionConfigurationPlatforms) = preSolution
		Debug|Any CPU = Debug|Any CPU
		Release|Any CPU = Release|Any CPU
	EndGlobalSection
	GlobalSection(ProjectConfigurationPlatforms) = postSolution
		{512ACC6A-4D3E-416A-B5EA-C8898190388B}.Debug|Any CPU.ActiveCfg = Debug|Any CPU
		{512ACC6A-4D3E-416A-B5EA-C8898190388B}.Debug|Any CPU.Build.0 = Debug|Any CPU
		{512ACC6A-4D3E-416A-B5EA-C8898190388B}.Release|Any CPU.ActiveCfg = Release|Any CPU
		{512ACC6A-4D3E-416A-B5EA-C8898190388B}.Release|Any CPU.Build.0 = Release|Any CPU
		{2C2CCAB7-17EA-4BCD-A3C3-82949235FD41}.Debug|Any CPU.ActiveCfg = Debug|Any CPU
		{2C2CCAB7-17EA-4BCD-A3C3-82949235FD41}.Debug|Any CPU.Build.0 = Debug|Any CPU
		{2C2CCAB7-17EA-4BCD-A3C3-82949235FD41}.Release|Any CPU.ActiveCfg = Release|Any CPU
		{2C2CCAB7-17EA-4BCD-A3C3-82949235FD41}.Release|Any CPU.Build.0 = Release|Any CPU
		{8B7B0A79-0A7B-4801-9BBE-AE78DEB4ED0D}.Debug|Any CPU.ActiveCfg = Debug|Any CPU
		{8B7B0A79-0A7B-4801-9BBE-AE78DEB4ED0D}.Debug|Any CPU.Build.0 = Debug|Any CPU
		{8B7B0A79-0A7B-4801-9BBE-AE78DEB4ED0D}.Release|Any CPU.ActiveCfg = Release|Any CPU
		{8B7B0A79-0A7B-4801-9BBE-AE78DEB4ED0D}.Release|Any CPU.Build.0 = Release|Any CPU
		{1C21736A-51B1-430F-9E56-507937E85480}.Debug|Any CPU.ActiveCfg = Debug|Any CPU
		{1C21736A-51B1-430F-9E56-507937E85480}.Debug|Any CPU.Build.0 = Debug|Any CPU
		{1C21736A-51B1-430F-9E56-507937E85480}.Release|Any CPU.ActiveCfg = Release|Any CPU
		{1C21736A-51B1-430F-9E56-507937E85480}.Release|Any CPU.Build.0 = Release|Any CPU
		{115E855E-39CD-49D5-BCC7-B794D0B209CD}.Debug|Any CPU.ActiveCfg = Debug|Any CPU
		{115E855E-39CD-49D5-BCC7-B794D0B209CD}.Debug|Any CPU.Build.0 = Debug|Any CPU
		{115E855E-39CD-49D5-BCC7-B794D0B209CD}.Release|Any CPU.ActiveCfg = Release|Any CPU
		{115E855E-39CD-49D5-BCC7-B794D0B209CD}.Release|Any CPU.Build.0 = Release|Any CPU
	EndGlobalSection
	GlobalSection(SolutionProperties) = preSolution
		HideSolutionNode = FALSE
	EndGlobalSection
	GlobalSection(ExtensibilityGlobals) = postSolution
		SolutionGuid = {85B8F64B-37E3-4D4F-94A3-BB3096E15727}
	EndGlobalSection
EndGlobal
